// !$*UTF8*$!
{
	archiveVersion = 1;
	classes = {
	};
	objectVersion = 46;
	objects = {

/* Begin PBXBuildFile section */
		CD093CDD1C7AE39E00D68BBF /* bite.wav in Resources */ = {isa = PBXBuildFile; fileRef = CD093CD81C7AE39E00D68BBF /* bite.wav */; };
		CD093CDE1C7AE39E00D68BBF /* cave-music.mp3 in Resources */ = {isa = PBXBuildFile; fileRef = CD093CD91C7AE39E00D68BBF /* cave-music.mp3 */; };
		CD093CDF1C7AE39E00D68BBF /* death.wav in Resources */ = {isa = PBXBuildFile; fileRef = CD093CDA1C7AE39E00D68BBF /* death.wav */; };
		CD093CE01C7AE39E00D68BBF /* heart.wav in Resources */ = {isa = PBXBuildFile; fileRef = CD093CDB1C7AE39E00D68BBF /* heart.wav */; };
		CD093CE11C7AE39E00D68BBF /* skull.wav in Resources */ = {isa = PBXBuildFile; fileRef = CD093CDC1C7AE39E00D68BBF /* skull.wav */; };
		CD1D67A21C7382D100A114AC /* AppDelegate.swift in Sources */ = {isa = PBXBuildFile; fileRef = CD1D67A11C7382D100A114AC /* AppDelegate.swift */; };
		CD1D67A41C7382D100A114AC /* ViewController.swift in Sources */ = {isa = PBXBuildFile; fileRef = CD1D67A31C7382D100A114AC /* ViewController.swift */; };
		CD1D67A71C7382D100A114AC /* Main.storyboard in Resources */ = {isa = PBXBuildFile; fileRef = CD1D67A51C7382D100A114AC /* Main.storyboard */; };
		CD1D67AA1C7382D100A114AC /* mylittlemonster.xcdatamodeld in Sources */ = {isa = PBXBuildFile; fileRef = CD1D67A81C7382D100A114AC /* mylittlemonster.xcdatamodeld */; };
		CD1D67AC1C7382D100A114AC /* Assets.xcassets in Resources */ = {isa = PBXBuildFile; fileRef = CD1D67AB1C7382D100A114AC /* Assets.xcassets */; };
		CD1D67AF1C7382D100A114AC /* LaunchScreen.storyboard in Resources */ = {isa = PBXBuildFile; fileRef = CD1D67AD1C7382D100A114AC /* LaunchScreen.storyboard */; };
		CDA217321C74521400ADF9F0 /* DragImage.swift in Sources */ = {isa = PBXBuildFile; fileRef = CDA217311C74521400ADF9F0 /* DragImage.swift */; };
		CDA217341C74D2F000ADF9F0 /* MonsterImg.swift in Sources */ = {isa = PBXBuildFile; fileRef = CDA217331C74D2F000ADF9F0 /* MonsterImg.swift */; };
/* End PBXBuildFile section */

/* Begin PBXFileReference section */
		CD093CD81C7AE39E00D68BBF /* bite.wav */ = {isa = PBXFileReference; lastKnownFileType = audio.wav; path = bite.wav; sourceTree = "<group>"; };
		CD093CD91C7AE39E00D68BBF /* cave-music.mp3 */ = {isa = PBXFileReference; lastKnownFileType = audio.mp3; path = "cave-music.mp3"; sourceTree = "<group>"; };
		CD093CDA1C7AE39E00D68BBF /* death.wav */ = {isa = PBXFileReference; lastKnownFileType = audio.wav; path = death.wav; sourceTree = "<group>"; };
		CD093CDB1C7AE39E00D68BBF /* heart.wav */ = {isa = PBXFileReference; lastKnownFileType = audio.wav; path = heart.wav; sourceTree = "<group>"; };
		CD093CDC1C7AE39E00D68BBF /* skull.wav */ = {isa = PBXFileReference; lastKnownFileType = audio.wav; path = skull.wav; sourceTree = "<group>"; };
		CD1D679E1C7382D100A114AC /* mylittlemonster.app */ = {isa = PBXFileReference; explicitFileType = wrapper.application; includeInIndex = 0; path = mylittlemonster.app; sourceTree = BUILT_PRODUCTS_DIR; };
		CD1D67A11C7382D100A114AC /* AppDelegate.swift */ = {isa = PBXFileReference; lastKnownFileType = sourcecode.swift; path = AppDelegate.swift; sourceTree = "<group>"; };
		CD1D67A31C7382D100A114AC /* ViewController.swift */ = {isa = PBXFileReference; lastKnownFileType = sourcecode.swift; path = ViewController.swift; sourceTree = "<group>"; };
		CD1D67A61C7382D100A114AC /* Base */ = {isa = PBXFileReference; lastKnownFileType = file.storyboard; name = Base; path = Base.lproj/Main.storyboard; sourceTree = "<group>"; };
		CD1D67A91C7382D100A114AC /* mylittlemonster.xcdatamodel */ = {isa = PBXFileReference; lastKnownFileType = wrapper.xcdatamodel; path = mylittlemonster.xcdatamodel; sourceTree = "<group>"; };
		CD1D67AB1C7382D100A114AC /* Assets.xcassets */ = {isa = PBXFileReference; lastKnownFileType = folder.assetcatalog; path = Assets.xcassets; sourceTree = "<group>"; };
		CD1D67AE1C7382D100A114AC /* Base */ = {isa = PBXFileReference; lastKnownFileType = file.storyboard; name = Base; path = Base.lproj/LaunchScreen.storyboard; sourceTree = "<group>"; };
		CD1D67B01C7382D100A114AC /* Info.plist */ = {isa = PBXFileReference; lastKnownFileType = text.plist.xml; path = Info.plist; sourceTree = "<group>"; };
		CDA217311C74521400ADF9F0 /* DragImage.swift */ = {isa = PBXFileReference; fileEncoding = 4; lastKnownFileType = sourcecode.swift; path = DragImage.swift; sourceTree = "<group>"; };
		CDA217331C74D2F000ADF9F0 /* MonsterImg.swift */ = {isa = PBXFileReference; fileEncoding = 4; lastKnownFileType = sourcecode.swift; path = MonsterImg.swift; sourceTree = "<group>"; };
/* End PBXFileReference section */

/* Begin PBXFrameworksBuildPhase section */
		CD1D679B1C7382D100A114AC /* Frameworks */ = {
			isa = PBXFrameworksBuildPhase;
			buildActionMask = 2147483647;
			files = (
			);
			runOnlyForDeploymentPostprocessing = 0;
		};
/* End PBXFrameworksBuildPhase section */

/* Begin PBXGroup section */
		CD1D67951C7382D100A114AC = {
			isa = PBXGroup;
			children = (
				CD1D67A01C7382D100A114AC /* mylittl/Users/admin/Desktop/skull.wav /Users/admin/Desktop/cave-music.mp3 /Users/admin/Desktop/bite.wav /Users/admin/Desktop/heart.wavemonster */,
				CD1D679F1C7382D100A114AC /* Products */,
			);
			sourceTree = "<group>";
		};
		CD1D679F1C7382D100A114AC /* Products */ = {
			isa = PBXGroup;
			children = (
				CD1D679E1C7382D100A114AC /* mylittlemonster.app */,
			);
			name = Products;
			sourceTree = "<group>";
		};
		CD1D67A01C7382D100A114AC /* mylittl/Users/admin/Desktop/skull.wav /Users/admin/Desktop/cave-music.mp3 /Users/admin/Desktop/bite.wav /Users/admin/Desktop/heart.wavemonster */ = {
			isa = PBXGroup;
			children = (
				CD093CD81C7AE39E00D68BBF /* bite.wav */,
				CD093CD91C7AE39E00D68BBF /* cave-music.mp3 */,
				CD093CDA1C7AE39E00D68BBF /* death.wav */,
				CD093CDB1C7AE39E00D68BBF /* heart.wav */,
				CD093CDC1C7AE39E00D68BBF /* skull.wav */,
				CD1D67A11C7382D100A114AC /* AppDelegate.swift */,
				CD1D67A31C7382D100A114AC /* ViewController.swift */,
				CD1D67A51C7382D100A114AC /* Main.storyboard */,
				CD1D67AB1C7382D100A114AC /* Assets.xcassets */,
				CD1D67AD1C7382D100A114AC /* LaunchScreen.storyboard */,
				CD1D67B01C7382D100A114AC /* Info.plist */,
				CD1D67A81C7382D100A114AC /* mylittlemonster.xcdatamodeld */,
				CDA217311C74521400ADF9F0 /* DragImage.swift */,
				CDA217331C74D2F000ADF9F0 /* MonsterImg.swift */,
			);
			name = "mylittl/Users/admin/Desktop/skull.wav /Users/admin/Desktop/cave-music.mp3 /Users/admin/Desktop/bite.wav /Users/admin/Desktop/heart.wavemonster";
			path = mylittlemonster;
			sourceTree = "<group>";
		};
/* End PBXGroup section */

/* Begin PBXNativeTarget section */
		CD1D679D1C7382D100A114AC /* mylittlemonster */ = {
			isa = PBXNativeTarget;
			buildConfigurationList = CD1D67B31C7382D100A114AC /* Build configuration list for PBXNativeTarget "mylittlemonster" */;
			buildPhases = (
				CD1D679A1C7382D100A114AC /* Sources */,
				CD1D679B1C7382D100A114AC /* Frameworks */,
				CD1D679C1C7382D100A114AC /* Resources */,
			);
			buildRules = (
			);
			dependencies = (
			);
			name = mylittlemonster;
			productName = mylittlemonster;
			productReference = CD1D679E1C7382D100A114AC /* mylittlemonster.app */;
			productType = "com.apple.product-type.application";
		};
/* End PBXNativeTarget section */

/* Begin PBXProject section */
		CD1D67961C7382D100A114AC /* Project object */ = {
			isa = PBXProject;
			attributes = {
				LastSwiftUpdateCheck = 0710;
				LastUpgradeCheck = 0710;
				ORGANIZATIONNAME = Whistle;
				TargetAttributes = {
					CD1D679D1C7382D100A114AC = {
						CreatedOnToolsVersion = 7.1.1;
					};
				};
			};
			buildConfigurationList = CD1D67991C7382D100A114AC /* Build configuration list for PBXProject "mylittlemonster" */;
			compatibilityVersion = "Xcode 3.2";
			developmentRegion = English;
			hasScannedForEncodings = 0;
			knownRegions = (
				en,
				Base,
			);
			mainGroup = CD1D67951C7382D100A114AC;
			productRefGroup = CD1D679F1C7382D100A114AC /* Products */;
			projectDirPath = "";
			projectRoot = "";
			targets = (
				CD1D679D1C7382D100A114AC /* mylittlemonster */,
			);
		};
/* End PBXProject section */

/* Begin PBXResourcesBuildPhase section */
		CD1D679C1C7382D100A114AC /* Resources */ = {
			isa = PBXResourcesBuildPhase;
			buildActionMask = 2147483647;
			files = (
				CD093CE11C7AE39E00D68BBF /* skull.wav in Resources */,
				CD093CDD1C7AE39E00D68BBF /* bite.wav in Resources */,
				CD093CDF1C7AE39E00D68BBF /* death.wav in Resources */,
				CD093CE01C7AE39E00D68BBF /* heart.wav in Resources */,
				CD093CDE1C7AE39E00D68BBF /* cave-music.mp3 in Resources */,
				CD1D67AF1C7382D100A114AC /* LaunchScreen.storyboard in Resources */,
				CD1D67AC1C7382D100A114AC /* Assets.xcassets in Resources */,
				CD1D67A71C7382D100A114AC /* Main.storyboard in Resources */,
			);
			runOnlyForDeploymentPostprocessing = 0;
		};
/* End PBXResourcesBuildPhase section */

/* Begin PBXSourcesBuildPhase section */
		CD1D679A1C7382D100A114AC /* Sources */ = {
			isa = PBXSourcesBuildPhase;
			buildActionMask = 2147483647;
			files = (
				CDA217341C74D2F000ADF9F0 /* MonsterImg.swift in Sources */,
				CD1D67AA1C7382D100A114AC /* mylittlemonster.xcdatamodeld in Sources */,
				CD1D67A41C7382D100A114AC /* ViewController.swift in Sources */,
				CD1D67A21C7382D100A114AC /* AppDelegate.swift in Sources */,
				CDA217321C74521400ADF9F0 /* DragImage.swift in Sources */,
			);
			runOnlyForDeploymentPostprocessing = 0;
		};
/* End PBXSourcesBuildPhase section */

/* Begin PBXVariantGroup section */
		CD1D67A51C7382D100A114AC /* Main.storyboard */ = {
			isa = PBXVariantGroup;
			children = (
				CD1D67A61C7382D100A114AC /* Base */,
			);
			name = Main.storyboard;
			sourceTree = "<group>";
		};
		CD1D67AD1C7382D100A114AC /* LaunchScreen.storyboard */ = {
			isa = PBXVariantGroup;
			children = (
				CD1D67AE1C7382D100A114AC /* Base */,
			);
			name = LaunchScreen.storyboard;
			sourceTree = "<group>";
		};
/* End PBXVariantGroup section */

/* Begin XCBuildConfiguration section */
		CD1D67B11C7382D100A114AC /* Debug */ = {
			isa = XCBuildConfiguration;
			buildSettings = {
				ALWAYS_SEARCH_USER_PATHS = NO;
				CLANG_CXX_LANGUAGE_STANDARD = "gnu++0x";
				CLANG_CXX_LIBRARY = "libc++";
				CLANG_ENABLE_MODULES = YES;
				CLANG_ENABLE_OBJC_ARC = YES;
				CLANG_WARN_BOOL_CONVERSION = YES;
				CLANG_WARN_CONSTANT_CONVERSION = YES;
				CLANG_WARN_DIRECT_OBJC_ISA_USAGE = YES_ERROR;
				CLANG_WARN_EMPTY_BODY = YES;
				CLANG_WARN_ENUM_CONVERSION = YES;
				CLANG_WARN_INT_CONVERSION = YES;
				CLANG_WARN_OBJC_ROOT_CLASS = YES_ERROR;
				CLANG_WARN_UNREACHABLE_CODE = YES;
				CLANG_WARN__DUPLICATE_METHOD_MATCH = YES;
				"CODE_SIGN_IDENTITY[sdk=iphoneos*]" = "iPhone Developer";
				COPY_PHASE_STRIP = NO;
				DEBUG_INFORMATION_FORMAT = dwarf;
				ENABLE_STRICT_OBJC_MSGSEND = YES;
				ENABLE_TESTABILITY = YES;
				GCC_C_LANGUAGE_STANDARD = gnu99;
				GCC_DYNAMIC_NO_PIC = NO;
				GCC_NO_COMMON_BLOCKS = YES;
				GCC_OPTIMIZATION_LEVEL = 0;
				GCC_PREPROCESSOR_DEFINITIONS = (
					"DEBUG=1",
					"$(inherited)",
				);
				GCC_WARN_64_TO_32_BIT_CONVERSION = YES;
				GCC_WARN_ABOUT_RETURN_TYPE = YES_ERROR;
				GCC_WARN_UNDECLARED_SELECTOR = YES;
				GCC_WARN_UNINITIALIZED_AUTOS = YES_AGGRESSIVE;
				GCC_WARN_UNUSED_FUNCTION = YES;
				GCC_WARN_UNUSED_VARIABLE = YES;
				IPHONEOS_DEPLOYMENT_TARGET = 9.1;
				MTL_ENABLE_DEBUG_INFO = YES;
				ONLY_ACTIVE_ARCH = YES;
				SDKROOT = iphoneos;
				SWIFT_OPTIMIZATION_LEVEL = "-Onone";
			};
			name = Debug;
		};
		CD1D67B21C7382D100A114AC /* Release */ = {
			isa = XCBuildConfiguration;
			buildSettings = {
				ALWAYS_SEARCH_USER_PATHS = NO;
				CLANG_CXX_LANGUAGE_STANDARD = "gnu++0x";
				CLANG_CXX_LIBRARY = "libc++";
				CLANG_ENABLE_MODULES = YES;
				CLANG_ENABLE_OBJC_ARC = YES;
				CLANG_WARN_BOOL_CONVERSION = YES;
				CLANG_WARN_CONSTANT_CONVERSION = YES;
				CLANG_WARN_DIRECT_OBJC_ISA_USAGE = YES_ERROR;
				CLANG_WARN_EMPTY_BODY = YES;
				CLANG_WARN_ENUM_CONVERSION = YES;
				CLANG_WARN_INT_CONVERSION = YES;
				CLANG_WARN_OBJC_ROOT_CLASS = YES_ERROR;
				CLANG_WARN_UNREACHABLE_CODE = YES;
				CLANG_WARN__DUPLICATE_METHOD_MATCH = YES;
				"CODE_SIGN_IDENTITY[sdk=iphoneos*]" = "iPhone Developer";
				COPY_PHASE_STRIP = NO;
				DEBUG_INFORMATION_FORMAT = "dwarf-with-dsym";
				ENABLE_NS_ASSERTIONS = NO;
				ENABLE_STRICT_OBJC_MSGSEND = YES;
				GCC_C_LANGUAGE_STANDARD = gnu99;
				GCC_NO_COMMON_BLOCKS = YES;
				GCC_WARN_64_TO_32_BIT_CONVERSION = YES;
				GCC_WARN_ABOUT_RETURN_TYPE = YES_ERROR;
				GCC_WARN_UNDECLARED_SELECTOR = YES;
				GCC_WARN_UNINITIALIZED_AUTOS = YES_AGGRESSIVE;
				GCC_WARN_UNUSED_FUNCTION = YES;
				GCC_WARN_UNUSED_VARIABLE = YES;
				IPHONEOS_DEPLOYMENT_TARGET = 9.1;
				MTL_ENABLE_DEBUG_INFO = NO;
				SDKROOT = iphoneos;
				VALIDATE_PRODUCT = YES;
			};
			name = Release;
		};
		CD1D67B41C7382D100A114AC /* Debug */ = {
			isa = XCBuildConfiguration;
			buildSettings = {
				ASSETCATALOG_COMPILER_APPICON_NAME = AppIcon;
				INFOPLIST_FILE = mylittlemonster/Info.plist;
				LD_RUNPATH_SEARCH_PATHS = "$(inherited) @executable_path/Frameworks";
				PRODUCT_BUNDLE_IDENTIFIER = com.practice.mylittlemonster;
				PRODUCT_NAME = "$(TARGET_NAME)";
				TARGETED_DEVICE_FAMILY = "1,2";
			};
			name = Debug;
		};
		CD1D67B51C7382D100A114AC /* Release */ = {
			isa = XCBuildConfiguration;
			buildSettings = {
				ASSETCATALOG_COMPILER_APPICON_NAME = AppIcon;
				INFOPLIST_FILE = mylittlemonster/Info.plist;
				LD_RUNPATH_SEARCH_PATHS = "$(inherited) @executable_path/Frameworks";
				PRODUCT_BUNDLE_IDENTIFIER = com.practice.mylittlemonster;
				PRODUCT_NAME = "$(TARGET_NAME)";
				TARGETED_DEVICE_FAMILY = "1,2";
			};
			name = Release;
		};
/* End XCBuildConfiguration section */

/* Begin XCConfigurationList section */
		CD1D67991C7382D100A114AC /* Build configuration list for PBXProject "mylittlemonster" */ = {
			isa = XCConfigurationList;
			buildConfigurations = (
				CD1D67B11C7382D100A114AC /* Debug */,
				CD1D67B21C7382D100A114AC /* Release */,
			);
			defaultConfigurationIsVisible = 0;
			defaultConfigurationName = Release;
		};
		CD1D67B31C7382D100A114AC /* Build configuration list for PBXNativeTarget "mylittlemonster" */ = {
			isa = XCConfigurationList;
			buildConfigurations = (
				CD1D67B41C7382D100A114AC /* Debug */,
				CD1D67B51C7382D100A114AC /* Release */,
			);
			defaultConfigurationIsVisible = 0;
			defaultConfigurationName = Release;
		};
/* End XCConfigurationList section */

/* Begin XCVersionGroup section */
		CD1D67A81C7382D100A114AC /* mylittlemonster.xcdatamodeld */ = {
			isa = XCVersionGroup;
			children = (
				CD1D67A91C7382D100A114AC /* mylittlemonster.xcdatamodel */,
			);
			currentVersion = CD1D67A91C7382D100A114AC /* mylittlemonster.xcdatamodel */;
			path = mylittlemonster.xcdatamodeld;
			sourceTree = "<group>";
			versionGroupType = wrapper.xcdatamodel;
		};
/* End XCVersionGroup section */
	};
	rootObject = CD1D67961C7382D100A114AC /* Project object */;
}
